// !$*UTF8*$!
{
	archiveVersion = 1;
	classes = {
	};
	objectVersion = 50;
	objects = {

/* Begin PBXBuildFile section */
		11A15E35EBBA23DFE77EA5C7 /* libPods-mapsDemo.a in Frameworks */ = {isa = PBXBuildFile; fileRef = B8EFD3F2C413D156C6782820 /* libPods-mapsDemo.a */; };
		BCAAC51C21D4B63F0046FFFA /* AppDelegate.swift in Sources */ = {isa = PBXBuildFile; fileRef = BCAAC51B21D4B63F0046FFFA /* AppDelegate.swift */; };
		BCAAC51E21D4B63F0046FFFA /* ViewController.swift in Sources */ = {isa = PBXBuildFile; fileRef = BCAAC51D21D4B63F0046FFFA /* ViewController.swift */; };
		BCAAC52121D4B63F0046FFFA /* Main.storyboard in Resources */ = {isa = PBXBuildFile; fileRef = BCAAC51F21D4B63F0046FFFA /* Main.storyboard */; };
		BCAAC52321D4B6420046FFFA /* Assets.xcassets in Resources */ = {isa = PBXBuildFile; fileRef = BCAAC52221D4B6420046FFFA /* Assets.xcassets */; };
		BCAAC52621D4B6420046FFFA /* LaunchScreen.storyboard in Resources */ = {isa = PBXBuildFile; fileRef = BCAAC52421D4B6420046FFFA /* LaunchScreen.storyboard */; };
		BCAAC52E21D4B9C50046FFFA /* Podfile in Resources */ = {isa = PBXBuildFile; fileRef = BCAAC52D21D4B9C50046FFFA /* Podfile */; };
/* End PBXBuildFile section */

/* Begin PBXFileReference section */
		292ED7177454941E2883A189 /* Pods-mapsDemo.debug.xcconfig */ = {isa = PBXFileReference; includeInIndex = 1; lastKnownFileType = text.xcconfig; name = "Pods-mapsDemo.debug.xcconfig"; path = "Pods/Target Support Files/Pods-mapsDemo/Pods-mapsDemo.debug.xcconfig"; sourceTree = "<group>"; };
		B8EFD3F2C413D156C6782820 /* libPods-mapsDemo.a */ = {isa = PBXFileReference; explicitFileType = archive.ar; includeInIndex = 0; path = "libPods-mapsDemo.a"; sourceTree = BUILT_PRODUCTS_DIR; };
		BCAAC51821D4B63F0046FFFA /* mapsDemo.app */ = {isa = PBXFileReference; explicitFileType = wrapper.application; includeInIndex = 0; path = mapsDemo.app; sourceTree = BUILT_PRODUCTS_DIR; };
		BCAAC51B21D4B63F0046FFFA /* AppDelegate.swift */ = {isa = PBXFileReference; lastKnownFileType = sourcecode.swift; path = AppDelegate.swift; sourceTree = "<group>"; };
		BCAAC51D21D4B63F0046FFFA /* ViewController.swift */ = {isa = PBXFileReference; lastKnownFileType = sourcecode.swift; path = ViewController.swift; sourceTree = "<group>"; };
		BCAAC52021D4B63F0046FFFA /* Base */ = {isa = PBXFileReference; lastKnownFileType = file.storyboard; name = Base; path = Base.lproj/Main.storyboard; sourceTree = "<group>"; };
		BCAAC52221D4B6420046FFFA /* Assets.xcassets */ = {isa = PBXFileReference; lastKnownFileType = folder.assetcatalog; path = Assets.xcassets; sourceTree = "<group>"; };
		BCAAC52521D4B6420046FFFA /* Base */ = {isa = PBXFileReference; lastKnownFileType = file.storyboard; name = Base; path = Base.lproj/LaunchScreen.storyboard; sourceTree = "<group>"; };
		BCAAC52721D4B6420046FFFA /* Info.plist */ = {isa = PBXFileReference; lastKnownFileType = text.plist.xml; path = Info.plist; sourceTree = "<group>"; };
		BCAAC52D21D4B9C50046FFFA /* Podfile */ = {isa = PBXFileReference; lastKnownFileType = text; path = Podfile; sourceTree = "<group>"; };
		C6F14A957B175B01AB8BF7E0 /* Pods-mapsDemo.release.xcconfig */ = {isa = PBXFileReference; includeInIndex = 1; lastKnownFileType = text.xcconfig; name = "Pods-mapsDemo.release.xcconfig"; path = "Pods/Target Support Files/Pods-mapsDemo/Pods-mapsDemo.release.xcconfig"; sourceTree = "<group>"; };
/* End PBXFileReference section */

/* Begin PBXFrameworksBuildPhase section */
		BCAAC51521D4B63F0046FFFA /* Frameworks */ = {
			isa = PBXFrameworksBuildPhase;
			buildActionMask = 2147483647;
			files = (
				11A15E35EBBA23DFE77EA5C7 /* libPods-mapsDemo.a in Frameworks */,
			);
			runOnlyForDeploymentPostprocessing = 0;
		};
/* End PBXFrameworksBuildPhase section */

/* Begin PBXGroup section */
		01641C7CA4F97867CB613F5A /* Pods */ = {
			isa = PBXGroup;
			children = (
				292ED7177454941E2883A189 /* Pods-mapsDemo.debug.xcconfig */,
				C6F14A957B175B01AB8BF7E0 /* Pods-mapsDemo.release.xcconfig */,
			);
			name = Pods;
			sourceTree = "<group>";
		};
		21D3799604ECB7C36BAC7329 /* Frameworks */ = {
			isa = PBXGroup;
			children = (
				B8EFD3F2C413D156C6782820 /* libPods-mapsDemo.a */,
			);
			name = Frameworks;
			sourceTree = "<group>";
		};
		BCAAC50F21D4B63F0046FFFA = {
			isa = PBXGroup;
			children = (
				BCAAC52D21D4B9C50046FFFA /* Podfile */,
				BCAAC51A21D4B63F0046FFFA /* mapsDemo */,
				BCAAC51921D4B63F0046FFFA /* Products */,
				01641C7CA4F97867CB613F5A /* Pods */,
				21D3799604ECB7C36BAC7329 /* Frameworks */,
			);
			sourceTree = "<group>";
		};
		BCAAC51921D4B63F0046FFFA /* Products */ = {
			isa = PBXGroup;
			children = (
				BCAAC51821D4B63F0046FFFA /* mapsDemo.app */,
			);
			name = Products;
			sourceTree = "<group>";
		};
		BCAAC51A21D4B63F0046FFFA /* mapsDemo */ = {
			isa = PBXGroup;
			children = (
				BCAAC51B21D4B63F0046FFFA /* AppDelegate.swift */,
				BCAAC51D21D4B63F0046FFFA /* ViewController.swift */,
				BCAAC51F21D4B63F0046FFFA /* Main.storyboard */,
				BCAAC52221D4B6420046FFFA /* Assets.xcassets */,
				BCAAC52421D4B6420046FFFA /* LaunchScreen.storyboard */,
				BCAAC52721D4B6420046FFFA /* Info.plist */,
			);
			path = mapsDemo;
			sourceTree = "<group>";
		};
/* End PBXGroup section */

/* Begin PBXNativeTarget section */
		BCAAC51721D4B63F0046FFFA /* mapsDemo */ = {
			isa = PBXNativeTarget;
			buildConfigurationList = BCAAC52A21D4B6420046FFFA /* Build configuration list for PBXNativeTarget "mapsDemo" */;
			buildPhases = (
				0082515E7DB87CB85316AD94 /* [CP] Check Pods Manifest.lock */,
				BCAAC51421D4B63F0046FFFA /* Sources */,
				BCAAC51521D4B63F0046FFFA /* Frameworks */,
				BCAAC51621D4B63F0046FFFA /* Resources */,
				7C27F77C3A9F9046336084A7 /* [CP] Copy Pods Resources */,
			);
			buildRules = (
			);
			dependencies = (
			);
			name = mapsDemo;
			productName = mapsDemo;
			productReference = BCAAC51821D4B63F0046FFFA /* mapsDemo.app */;
			productType = "com.apple.product-type.application";
		};
/* End PBXNativeTarget section */

/* Begin PBXProject section */
		BCAAC51021D4B63F0046FFFA /* Project object */ = {
			isa = PBXProject;
			attributes = {
				LastSwiftUpdateCheck = 1000;
				LastUpgradeCheck = 1000;
				ORGANIZATIONNAME = "Yulia Chashchina";
				TargetAttributes = {
					BCAAC51721D4B63F0046FFFA = {
						CreatedOnToolsVersion = 10.0;
					};
				};
			};
			buildConfigurationList = BCAAC51321D4B63F0046FFFA /* Build configuration list for PBXProject "mapsDemo" */;
			compatibilityVersion = "Xcode 9.3";
			developmentRegion = en;
			hasScannedForEncodings = 0;
			knownRegions = (
				en,
				Base,
			);
			mainGroup = BCAAC50F21D4B63F0046FFFA;
			productRefGroup = BCAAC51921D4B63F0046FFFA /* Products */;
			projectDirPath = "";
			projectRoot = "";
			targets = (
				BCAAC51721D4B63F0046FFFA /* mapsDemo */,
			);
		};
/* End PBXProject section */

/* Begin PBXResourcesBuildPhase section */
		BCAAC51621D4B63F0046FFFA /* Resources */ = {
			isa = PBXResourcesBuildPhase;
			buildActionMask = 2147483647;
			files = (
				BCAAC52621D4B6420046FFFA /* LaunchScreen.storyboard in Resources */,
				BCAAC52321D4B6420046FFFA /* Assets.xcassets in Resources */,
				BCAAC52E21D4B9C50046FFFA /* Podfile in Resources */,
				BCAAC52121D4B63F0046FFFA /* Main.storyboard in Resources */,
			);
			runOnlyForDeploymentPostprocessing = 0;
		};
/* End PBXResourcesBuildPhase section */

/* Begin PBXShellScriptBuildPhase section */
		0082515E7DB87CB85316AD94 /* [CP] Check Pods Manifest.lock */ = {
			isa = PBXShellScriptBuildPhase;
			buildActionMask = 2147483647;
			files = (
			);
			inputPaths = (
				"${PODS_PODFILE_DIR_PATH}/Podfile.lock",
				"${PODS_ROOT}/Manifest.lock",
			);
			name = "[CP] Check Pods Manifest.lock";
			outputPaths = (
				"$(DERIVED_FILE_DIR)/Pods-mapsDemo-checkManifestLockResult.txt",
			);
			runOnlyForDeploymentPostprocessing = 0;
			shellPath = /bin/sh;
			shellScript = "diff \"${PODS_PODFILE_DIR_PATH}/Podfile.lock\" \"${PODS_ROOT}/Manifest.lock\" > /dev/null\nif [ $? != 0 ] ; then\n    # print error to STDERR\n    echo \"error: The sandbox is not in sync with the Podfile.lock. Run 'pod install' or update your CocoaPods installation.\" >&2\n    exit 1\nfi\n# This output is used by Xcode 'outputs' to avoid re-running this script phase.\necho \"SUCCESS\" > \"${SCRIPT_OUTPUT_FILE_0}\"\n";
			showEnvVarsInLog = 0;
		};
		7C27F77C3A9F9046336084A7 /* [CP] Copy Pods Resources */ = {
			isa = PBXShellScriptBuildPhase;
			buildActionMask = 2147483647;
			files = (
			);
			inputPaths = (
				"${SRCROOT}/Pods/Target Support Files/Pods-mapsDemo/Pods-mapsDemo-resources.sh",
				"${PODS_ROOT}/GoogleMaps/Maps/Frameworks/GoogleMaps.framework/Resources/GoogleMaps.bundle",
			);
			name = "[CP] Copy Pods Resources";
			outputPaths = (
				"${TARGET_BUILD_DIR}/${UNLOCALIZED_RESOURCES_FOLDER_PATH}/GoogleMaps.bundle",
			);
			runOnlyForDeploymentPostprocessing = 0;
			shellPath = /bin/sh;
			shellScript = "\"${SRCROOT}/Pods/Target Support Files/Pods-mapsDemo/Pods-mapsDemo-resources.sh\"\n";
			showEnvVarsInLog = 0;
		};
/* End PBXShellScriptBuildPhase section */

/* Begin PBXSourcesBuildPhase section */
		BCAAC51421D4B63F0046FFFA /* Sources */ = {
			isa = PBXSourcesBuildPhase;
			buildActionMask = 2147483647;
			files = (
				BCAAC51E21D4B63F0046FFFA /* ViewController.swift in Sources */,
				BCAAC51C21D4B63F0046FFFA /* AppDelegate.swift in Sources */,
			);
			runOnlyForDeploymentPostprocessing = 0;
		};
/* End PBXSourcesBuildPhase section */

/* Begin PBXVariantGroup section */
		BCAAC51F21D4B63F0046FFFA /* Main.storyboard */ = {
			isa = PBXVariantGroup;
			children = (
				BCAAC52021D4B63F0046FFFA /* Base */,
			);
			name = Main.storyboard;
			sourceTree = "<group>";
		};
		BCAAC52421D4B6420046FFFA /* LaunchScreen.storyboard */ = {
			isa = PBXVariantGroup;
			children = (
				BCAAC52521D4B6420046FFFA /* Base */,
			);
			name = LaunchScreen.storyboard;
			sourceTree = "<group>";
		};
/* End PBXVariantGroup section */

/* Begin XCBuildConfiguration section */
		BCAAC52821D4B6420046FFFA /* Debug */ = {
			isa = XCBuildConfiguration;
			buildSettings = {
				ALWAYS_SEARCH_USER_PATHS = NO;
				CLANG_ANALYZER_NONNULL = YES;
				CLANG_ANALYZER_NUMBER_OBJECT_CONVERSION = YES_AGGRESSIVE;
				CLANG_CXX_LANGUAGE_STANDARD = "gnu++14";
				CLANG_CXX_LIBRARY = "libc++";
				CLANG_ENABLE_MODULES = YES;
				CLANG_ENABLE_OBJC_ARC = YES;
				CLANG_ENABLE_OBJC_WEAK = YES;
				CLANG_WARN_BLOCK_CAPTURE_AUTORELEASING = YES;
				CLANG_WARN_BOOL_CONVERSION = YES;
				CLANG_WARN_COMMA = YES;
				CLANG_WARN_CONSTANT_CONVERSION = YES;
				CLANG_WARN_DEPRECATED_OBJC_IMPLEMENTATIONS = YES;
				CLANG_WARN_DIRECT_OBJC_ISA_USAGE = YES_ERROR;
				CLANG_WARN_DOCUMENTATION_COMMENTS = YES;
				CLANG_WARN_EMPTY_BODY = YES;
				CLANG_WARN_ENUM_CONVERSION = YES;
				CLANG_WARN_INFINITE_RECURSION = YES;
				CLANG_WARN_INT_CONVERSION = YES;
				CLANG_WARN_NON_LITERAL_NULL_CONVERSION = YES;
				CLANG_WARN_OBJC_IMPLICIT_RETAIN_SELF = YES;
				CLANG_WARN_OBJC_LITERAL_CONVERSION = YES;
				CLANG_WARN_OBJC_ROOT_CLASS = YES_ERROR;
				CLANG_WARN_RANGE_LOOP_ANALYSIS = YES;
				CLANG_WARN_STRICT_PROTOTYPES = YES;
				CLANG_WARN_SUSPICIOUS_MOVE = YES;
				CLANG_WARN_UNGUARDED_AVAILABILITY = YES_AGGRESSIVE;
				CLANG_WARN_UNREACHABLE_CODE = YES;
				CLANG_WARN__DUPLICATE_METHOD_MATCH = YES;
				CODE_SIGN_IDENTITY = "iPhone Developer";
				COPY_PHASE_STRIP = NO;
				DEBUG_INFORMATION_FORMAT = dwarf;
				ENABLE_STRICT_OBJC_MSGSEND = YES;
				ENABLE_TESTABILITY = YES;
				GCC_C_LANGUAGE_STANDARD = gnu11;
				GCC_DYNAMIC_NO_PIC = NO;
				GCC_NO_COMMON_BLOCKS = YES;
				GCC_OPTIMIZATION_LEVEL = 0;
				GCC_PREPROCESSOR_DEFINITIONS = (
					"DEBUG=1",
					"$(inherited)",
				);
				GCC_WARN_64_TO_32_BIT_CONVERSION = YES;
				GCC_WARN_ABOUT_RETURN_TYPE = YES_ERROR;
				GCC_WARN_UNDECLARED_SELECTOR = YES;
				GCC_WARN_UNINITIALIZED_AUTOS = YES_AGGRESSIVE;
				GCC_WARN_UNUSED_FUNCTION = YES;
				GCC_WARN_UNUSED_VARIABLE = YES;
				IPHONEOS_DEPLOYMENT_TARGET = 12.0;
				MTL_ENABLE_DEBUG_INFO = INCLUDE_SOURCE;
				MTL_FAST_MATH = YES;
				ONLY_ACTIVE_ARCH = YES;
				SDKROOT = iphoneos;
				SWIFT_ACTIVE_COMPILATION_CONDITIONS = DEBUG;
				SWIFT_OPTIMIZATION_LEVEL = "-Onone";
			};
			name = Debug;
		};
		BCAAC52921D4B6420046FFFA /* Release */ = {
			isa = XCBuildConfiguration;
			buildSettings = {
				ALWAYS_SEARCH_USER_PATHS = NO;
				CLANG_ANALYZER_NONNULL = YES;
				CLANG_ANALYZER_NUMBER_OBJECT_CONVERSION = YES_AGGRESSIVE;
				CLANG_CXX_LANGUAGE_STANDARD = "gnu++14";
				CLANG_CXX_LIBRARY = "libc++";
				CLANG_ENABLE_MODULES = YES;
				CLANG_ENABLE_OBJC_ARC = YES;
				CLANG_ENABLE_OBJC_WEAK = YES;
				CLANG_WARN_BLOCK_CAPTURE_AUTORELEASING = YES;
				CLANG_WARN_BOOL_CONVERSION = YES;
				CLANG_WARN_COMMA = YES;
				CLANG_WARN_CONSTANT_CONVERSION = YES;
				CLANG_WARN_DEPRECATED_OBJC_IMPLEMENTATIONS = YES;
				CLANG_WARN_DIRECT_OBJC_ISA_USAGE = YES_ERROR;
				CLANG_WARN_DOCUMENTATION_COMMENTS = YES;
				CLANG_WARN_EMPTY_BODY = YES;
				CLANG_WARN_ENUM_CONVERSION = YES;
				CLANG_WARN_INFINITE_RECURSION = YES;
				CLANG_WARN_INT_CONVERSION = YES;
				CLANG_WARN_NON_LITERAL_NULL_CONVERSION = YES;
				CLANG_WARN_OBJC_IMPLICIT_RETAIN_SELF = YES;
				CLANG_WARN_OBJC_LITERAL_CONVERSION = YES;
				CLANG_WARN_OBJC_ROOT_CLASS = YES_ERROR;
				CLANG_WARN_RANGE_LOOP_ANALYSIS = YES;
				CLANG_WARN_STRICT_PROTOTYPES = YES;
				CLANG_WARN_SUSPICIOUS_MOVE = YES;
				CLANG_WARN_UNGUARDED_AVAILABILITY = YES_AGGRESSIVE;
				CLANG_WARN_UNREACHABLE_CODE = YES;
				CLANG_WARN__DUPLICATE_METHOD_MATCH = YES;
				CODE_SIGN_IDENTITY = "iPhone Developer";
				COPY_PHASE_STRIP = NO;
				DEBUG_INFORMATION_FORMAT = "dwarf-with-dsym";
				ENABLE_NS_ASSERTIONS = NO;
				ENABLE_STRICT_OBJC_MSGSEND = YES;
				GCC_C_LANGUAGE_STANDARD = gnu11;
				GCC_NO_COMMON_BLOCKS = YES;
				GCC_WARN_64_TO_32_BIT_CONVERSION = YES;
				GCC_WARN_ABOUT_RETURN_TYPE = YES_ERROR;
				GCC_WARN_UNDECLARED_SELECTOR = YES;
				GCC_WARN_UNINITIALIZED_AUTOS = YES_AGGRESSIVE;
				GCC_WARN_UNUSED_FUNCTION = YES;
				GCC_WARN_UNUSED_VARIABLE = YES;
				IPHONEOS_DEPLOYMENT_TARGET = 12.0;
				MTL_ENABLE_DEBUG_INFO = NO;
				MTL_FAST_MATH = YES;
				SDKROOT = iphoneos;
				SWIFT_COMPILATION_MODE = wholemodule;
				SWIFT_OPTIMIZATION_LEVEL = "-O";
				VALIDATE_PRODUCT = YES;
			};
			name = Release;
		};
		BCAAC52B21D4B6420046FFFA /* Debug */ = {
			isa = XCBuildConfiguration;
			baseConfigurationReference = 292ED7177454941E2883A189 /* Pods-mapsDemo.debug.xcconfig */;
			buildSettings = {
				ASSETCATALOG_COMPILER_APPICON_NAME = AppIcon;
				CODE_SIGN_STYLE = Automatic;
				INFOPLIST_FILE = mapsDemo/Info.plist;
				LD_RUNPATH_SEARCH_PATHS = (
					"$(inherited)",
					"@executable_path/Frameworks",
				);
				PRODUCT_BUNDLE_IDENTIFIER = YC.mapsDemo;
				PRODUCT_NAME = "$(TARGET_NAME)";
				SWIFT_VERSION = 4.2;
				TARGETED_DEVICE_FAMILY = "1,2";
			};
			name = Debug;
		};
		BCAAC52C21D4B6420046FFFA /* Release */ = {
			isa = XCBuildConfiguration;
			baseConfigurationReference = C6F14A957B175B01AB8BF7E0 /* Pods-mapsDemo.release.xcconfig */;
			buildSettings = {
				ASSETCATALOG_COMPILER_APPICON_NAME = AppIcon;
				CODE_SIGN_STYLE = Automatic;
				INFOPLIST_FILE = mapsDemo/Info.plist;
				LD_RUNPATH_SEARCH_PATHS = (
					"$(inherited)",
					"@executable_path/Frameworks",
				);
				PRODUCT_BUNDLE_IDENTIFIER = YC.mapsDemo;
				PRODUCT_NAME = "$(TARGET_NAME)";
				SWIFT_VERSION = 4.2;
				TARGETED_DEVICE_FAMILY = "1,2";
			};
			name = Release;
		};
/* End XCBuildConfiguration section */

/* Begin XCConfigurationList section */
		BCAAC51321D4B63F0046FFFA /* Build configuration list for PBXProject "mapsDemo" */ = {
			isa = XCConfigurationList;
			buildConfigurations = (
				BCAAC52821D4B6420046FFFA /* Debug */,
				BCAAC52921D4B6420046FFFA /* Release */,
			);
			defaultConfigurationIsVisible = 0;
			defaultConfigurationName = Release;
		};
		BCAAC52A21D4B6420046FFFA /* Build configuration list for PBXNativeTarget "mapsDemo" */ = {
			isa = XCConfigurationList;
			buildConfigurations = (
				BCAAC52B21D4B6420046FFFA /* Debug */,
				BCAAC52C21D4B6420046FFFA /* Release */,
			);
			defaultConfigurationIsVisible = 0;
			defaultConfigurationName = Release;
		};
/* End XCConfigurationList section */
	};
	rootObject = BCAAC51021D4B63F0046FFFA /* Project object */;
}
